// !$*UTF8*$!
{
	archiveVersion = 1;
	classes = {
	};
	objectVersion = 46;
	objects = {

/* Begin PBXBuildFile section */
		1F3A922D1C0455FE0079D6CA /* BLProfileViewController.m in Sources */ = {isa = PBXBuildFile; fileRef = 1F3A922C1C0455FE0079D6CA /* BLProfileViewController.m */; };
		1FB7E0C51C02F36500018F65 /* main.m in Sources */ = {isa = PBXBuildFile; fileRef = 1FB7E0C41C02F36500018F65 /* main.m */; };
		1FB7E0C81C02F36500018F65 /* AppDelegate.m in Sources */ = {isa = PBXBuildFile; fileRef = 1FB7E0C71C02F36500018F65 /* AppDelegate.m */; };
		1FB7E0CB1C02F36500018F65 /* ViewController.m in Sources */ = {isa = PBXBuildFile; fileRef = 1FB7E0CA1C02F36500018F65 /* ViewController.m */; };
		1FB7E0CE1C02F36500018F65 /* Main.storyboard in Resources */ = {isa = PBXBuildFile; fileRef = 1FB7E0CC1C02F36500018F65 /* Main.storyboard */; };
		1FB7E0D01C02F36500018F65 /* Assets.xcassets in Resources */ = {isa = PBXBuildFile; fileRef = 1FB7E0CF1C02F36500018F65 /* Assets.xcassets */; };
		1FB7E0D31C02F36500018F65 /* LaunchScreen.storyboard in Resources */ = {isa = PBXBuildFile; fileRef = 1FB7E0D11C02F36500018F65 /* LaunchScreen.storyboard */; };
		1FB7E0DE1C02F36500018F65 /* BLCustomTransitionTests.m in Sources */ = {isa = PBXBuildFile; fileRef = 1FB7E0DD1C02F36500018F65 /* BLCustomTransitionTests.m */; };
		1FB7E0E91C02F36500018F65 /* BLCustomTransitionUITests.m in Sources */ = {isa = PBXBuildFile; fileRef = 1FB7E0E81C02F36500018F65 /* BLCustomTransitionUITests.m */; };
		1FB7E0F81C02F48D00018F65 /* BLPanelViewController.m in Sources */ = {isa = PBXBuildFile; fileRef = 1FB7E0F71C02F48D00018F65 /* BLPanelViewController.m */; };
		1FB7E0FB1C02F87B00018F65 /* BLPanelPushAnimatedTransition.m in Sources */ = {isa = PBXBuildFile; fileRef = 1FB7E0FA1C02F87B00018F65 /* BLPanelPushAnimatedTransition.m */; };
		1FB7E0FE1C0305D700018F65 /* BLPanelPushPresentationController.m in Sources */ = {isa = PBXBuildFile; fileRef = 1FB7E0FD1C0305D700018F65 /* BLPanelPushPresentationController.m */; };
		1FB7E1011C0328FD00018F65 /* BLPanelPushTransitioningDelegate.m in Sources */ = {isa = PBXBuildFile; fileRef = 1FB7E1001C0328FD00018F65 /* BLPanelPushTransitioningDelegate.m */; };
		B6D634B4AA436671864537C1 /* Pods_BLCustomTransition.framework in Frameworks */ = {isa = PBXBuildFile; fileRef = 1F4891CB1AB46D71E15C2749 /* Pods_BLCustomTransition.framework */; };
/* End PBXBuildFile section */

/* Begin PBXContainerItemProxy section */
		1FB7E0DA1C02F36500018F65 /* PBXContainerItemProxy */ = {
			isa = PBXContainerItemProxy;
			containerPortal = 1FB7E0B81C02F36500018F65 /* Project object */;
			proxyType = 1;
			remoteGlobalIDString = 1FB7E0BF1C02F36500018F65;
			remoteInfo = BLCustomTransition;
		};
		1FB7E0E51C02F36500018F65 /* PBXContainerItemProxy */ = {
			isa = PBXContainerItemProxy;
			containerPortal = 1FB7E0B81C02F36500018F65 /* Project object */;
			proxyType = 1;
			remoteGlobalIDString = 1FB7E0BF1C02F36500018F65;
			remoteInfo = BLCustomTransition;
		};
/* End PBXContainerItemProxy section */

/* Begin PBXFileReference section */
		1F3A922B1C0455FE0079D6CA /* BLProfileViewController.h */ = {isa = PBXFileReference; fileEncoding = 4; lastKnownFileType = sourcecode.c.h; path = BLProfileViewController.h; sourceTree = "<group>"; };
		1F3A922C1C0455FE0079D6CA /* BLProfileViewController.m */ = {isa = PBXFileReference; fileEncoding = 4; lastKnownFileType = sourcecode.c.objc; path = BLProfileViewController.m; sourceTree = "<group>"; };
		1F4891CB1AB46D71E15C2749 /* Pods_BLCustomTransition.framework */ = {isa = PBXFileReference; explicitFileType = wrapper.framework; includeInIndex = 0; path = Pods_BLCustomTransition.framework; sourceTree = BUILT_PRODUCTS_DIR; };
		1FB7E0C01C02F36500018F65 /* BLCustomTransition.app */ = {isa = PBXFileReference; explicitFileType = wrapper.application; includeInIndex = 0; path = BLCustomTransition.app; sourceTree = BUILT_PRODUCTS_DIR; };
		1FB7E0C41C02F36500018F65 /* main.m */ = {isa = PBXFileReference; lastKnownFileType = sourcecode.c.objc; path = main.m; sourceTree = "<group>"; };
		1FB7E0C61C02F36500018F65 /* AppDelegate.h */ = {isa = PBXFileReference; lastKnownFileType = sourcecode.c.h; path = AppDelegate.h; sourceTree = "<group>"; };
		1FB7E0C71C02F36500018F65 /* AppDelegate.m */ = {isa = PBXFileReference; lastKnownFileType = sourcecode.c.objc; path = AppDelegate.m; sourceTree = "<group>"; };
		1FB7E0C91C02F36500018F65 /* ViewController.h */ = {isa = PBXFileReference; lastKnownFileType = sourcecode.c.h; path = ViewController.h; sourceTree = "<group>"; };
		1FB7E0CA1C02F36500018F65 /* ViewController.m */ = {isa = PBXFileReference; lastKnownFileType = sourcecode.c.objc; path = ViewController.m; sourceTree = "<group>"; };
		1FB7E0CD1C02F36500018F65 /* Base */ = {isa = PBXFileReference; lastKnownFileType = file.storyboard; name = Base; path = Base.lproj/Main.storyboard; sourceTree = "<group>"; };
		1FB7E0CF1C02F36500018F65 /* Assets.xcassets */ = {isa = PBXFileReference; lastKnownFileType = folder.assetcatalog; path = Assets.xcassets; sourceTree = "<group>"; };
		1FB7E0D21C02F36500018F65 /* Base */ = {isa = PBXFileReference; lastKnownFileType = file.storyboard; name = Base; path = Base.lproj/LaunchScreen.storyboard; sourceTree = "<group>"; };
		1FB7E0D41C02F36500018F65 /* Info.plist */ = {isa = PBXFileReference; lastKnownFileType = text.plist.xml; path = Info.plist; sourceTree = "<group>"; };
		1FB7E0D91C02F36500018F65 /* BLCustomTransitionTests.xctest */ = {isa = PBXFileReference; explicitFileType = wrapper.cfbundle; includeInIndex = 0; path = BLCustomTransitionTests.xctest; sourceTree = BUILT_PRODUCTS_DIR; };
		1FB7E0DD1C02F36500018F65 /* BLCustomTransitionTests.m */ = {isa = PBXFileReference; lastKnownFileType = sourcecode.c.objc; path = BLCustomTransitionTests.m; sourceTree = "<group>"; };
		1FB7E0DF1C02F36500018F65 /* Info.plist */ = {isa = PBXFileReference; lastKnownFileType = text.plist.xml; path = Info.plist; sourceTree = "<group>"; };
		1FB7E0E41C02F36500018F65 /* BLCustomTransitionUITests.xctest */ = {isa = PBXFileReference; explicitFileType = wrapper.cfbundle; includeInIndex = 0; path = BLCustomTransitionUITests.xctest; sourceTree = BUILT_PRODUCTS_DIR; };
		1FB7E0E81C02F36500018F65 /* BLCustomTransitionUITests.m */ = {isa = PBXFileReference; lastKnownFileType = sourcecode.c.objc; path = BLCustomTransitionUITests.m; sourceTree = "<group>"; };
		1FB7E0EA1C02F36500018F65 /* Info.plist */ = {isa = PBXFileReference; lastKnownFileType = text.plist.xml; path = Info.plist; sourceTree = "<group>"; };
		1FB7E0F61C02F48D00018F65 /* BLPanelViewController.h */ = {isa = PBXFileReference; fileEncoding = 4; lastKnownFileType = sourcecode.c.h; path = BLPanelViewController.h; sourceTree = "<group>"; };
		1FB7E0F71C02F48D00018F65 /* BLPanelViewController.m */ = {isa = PBXFileReference; fileEncoding = 4; lastKnownFileType = sourcecode.c.objc; path = BLPanelViewController.m; sourceTree = "<group>"; };
		1FB7E0F91C02F87B00018F65 /* BLPanelPushAnimatedTransition.h */ = {isa = PBXFileReference; fileEncoding = 4; lastKnownFileType = sourcecode.c.h; path = BLPanelPushAnimatedTransition.h; sourceTree = "<group>"; };
		1FB7E0FA1C02F87B00018F65 /* BLPanelPushAnimatedTransition.m */ = {isa = PBXFileReference; fileEncoding = 4; lastKnownFileType = sourcecode.c.objc; path = BLPanelPushAnimatedTransition.m; sourceTree = "<group>"; };
		1FB7E0FC1C0305D700018F65 /* BLPanelPushPresentationController.h */ = {isa = PBXFileReference; fileEncoding = 4; lastKnownFileType = sourcecode.c.h; path = BLPanelPushPresentationController.h; sourceTree = "<group>"; };
		1FB7E0FD1C0305D700018F65 /* BLPanelPushPresentationController.m */ = {isa = PBXFileReference; fileEncoding = 4; lastKnownFileType = sourcecode.c.objc; path = BLPanelPushPresentationController.m; sourceTree = "<group>"; };
		1FB7E0FF1C0328FD00018F65 /* BLPanelPushTransitioningDelegate.h */ = {isa = PBXFileReference; fileEncoding = 4; lastKnownFileType = sourcecode.c.h; path = BLPanelPushTransitioningDelegate.h; sourceTree = "<group>"; };
		1FB7E1001C0328FD00018F65 /* BLPanelPushTransitioningDelegate.m */ = {isa = PBXFileReference; fileEncoding = 4; lastKnownFileType = sourcecode.c.objc; path = BLPanelPushTransitioningDelegate.m; sourceTree = "<group>"; };
		5FD2262991C154F0838C0D96 /* Pods-BLCustomTransition.release.xcconfig */ = {isa = PBXFileReference; includeInIndex = 1; lastKnownFileType = text.xcconfig; name = "Pods-BLCustomTransition.release.xcconfig"; path = "Pods/Target Support Files/Pods-BLCustomTransition/Pods-BLCustomTransition.release.xcconfig"; sourceTree = "<group>"; };
		B769ECD1FB625A2E4D5E9FEE /* Pods-BLCustomTransition.debug.xcconfig */ = {isa = PBXFileReference; includeInIndex = 1; lastKnownFileType = text.xcconfig; name = "Pods-BLCustomTransition.debug.xcconfig"; path = "Pods/Target Support Files/Pods-BLCustomTransition/Pods-BLCustomTransition.debug.xcconfig"; sourceTree = "<group>"; };
/* End PBXFileReference section */

/* Begin PBXFrameworksBuildPhase section */
		1FB7E0BD1C02F36500018F65 /* Frameworks */ = {
			isa = PBXFrameworksBuildPhase;
			buildActionMask = 2147483647;
			files = (
				B6D634B4AA436671864537C1 /* Pods_BLCustomTransition.framework in Frameworks */,
			);
			runOnlyForDeploymentPostprocessing = 0;
		};
		1FB7E0D61C02F36500018F65 /* Frameworks */ = {
			isa = PBXFrameworksBuildPhase;
			buildActionMask = 2147483647;
			files = (
			);
			runOnlyForDeploymentPostprocessing = 0;
		};
		1FB7E0E11C02F36500018F65 /* Frameworks */ = {
			isa = PBXFrameworksBuildPhase;
			buildActionMask = 2147483647;
			files = (
			);
			runOnlyForDeploymentPostprocessing = 0;
		};
/* End PBXFrameworksBuildPhase section */

/* Begin PBXGroup section */
		14A4780BEF94552332617741 /* Pods */ = {
			isa = PBXGroup;
			children = (
				B769ECD1FB625A2E4D5E9FEE /* Pods-BLCustomTransition.debug.xcconfig */,
				5FD2262991C154F0838C0D96 /* Pods-BLCustomTransition.release.xcconfig */,
			);
			name = Pods;
			sourceTree = "<group>";
		};
		1FB7E0B71C02F36500018F65 = {
			isa = PBXGroup;
			children = (
				1FB7E0C21C02F36500018F65 /* BLCustomTransition */,
				1FB7E0DC1C02F36500018F65 /* BLCustomTransitionTests */,
				1FB7E0E71C02F36500018F65 /* BLCustomTransitionUITests */,
				1FB7E0C11C02F36500018F65 /* Products */,
				BFDEE76C787C5659D4B0E379 /* Frameworks */,
				14A4780BEF94552332617741 /* Pods */,
			);
			sourceTree = "<group>";
		};
		1FB7E0C11C02F36500018F65 /* Products */ = {
			isa = PBXGroup;
			children = (
				1FB7E0C01C02F36500018F65 /* BLCustomTransition.app */,
				1FB7E0D91C02F36500018F65 /* BLCustomTransitionTests.xctest */,
				1FB7E0E41C02F36500018F65 /* BLCustomTransitionUITests.xctest */,
			);
			name = Products;
			sourceTree = "<group>";
		};
		1FB7E0C21C02F36500018F65 /* BLCustomTransition */ = {
			isa = PBXGroup;
			children = (
				1FB7E0C61C02F36500018F65 /* AppDelegate.h */,
				1FB7E0C71C02F36500018F65 /* AppDelegate.m */,
				1FB7E0C91C02F36500018F65 /* ViewController.h */,
				1FB7E0CA1C02F36500018F65 /* ViewController.m */,
				1FB7E0F61C02F48D00018F65 /* BLPanelViewController.h */,
				1FB7E0F71C02F48D00018F65 /* BLPanelViewController.m */,
				1F3A922B1C0455FE0079D6CA /* BLProfileViewController.h */,
				1F3A922C1C0455FE0079D6CA /* BLProfileViewController.m */,
				1FB7E0FF1C0328FD00018F65 /* BLPanelPushTransitioningDelegate.h */,
				1FB7E1001C0328FD00018F65 /* BLPanelPushTransitioningDelegate.m */,
				1FB7E0F91C02F87B00018F65 /* BLPanelPushAnimatedTransition.h */,
				1FB7E0FA1C02F87B00018F65 /* BLPanelPushAnimatedTransition.m */,
				1FB7E0FC1C0305D700018F65 /* BLPanelPushPresentationController.h */,
				1FB7E0FD1C0305D700018F65 /* BLPanelPushPresentationController.m */,
				1FB7E0CC1C02F36500018F65 /* Main.storyboard */,
				1FB7E0CF1C02F36500018F65 /* Assets.xcassets */,
				1FB7E0D11C02F36500018F65 /* LaunchScreen.storyboard */,
				1FB7E0D41C02F36500018F65 /* Info.plist */,
				1FB7E0C31C02F36500018F65 /* Supporting Files */,
			);
			path = BLCustomTransition;
			sourceTree = "<group>";
		};
		1FB7E0C31C02F36500018F65 /* Supporting Files */ = {
			isa = PBXGroup;
			children = (
				1FB7E0C41C02F36500018F65 /* main.m */,
			);
			name = "Supporting Files";
			sourceTree = "<group>";
		};
		1FB7E0DC1C02F36500018F65 /* BLCustomTransitionTests */ = {
			isa = PBXGroup;
			children = (
				1FB7E0DD1C02F36500018F65 /* BLCustomTransitionTests.m */,
				1FB7E0DF1C02F36500018F65 /* Info.plist */,
			);
			path = BLCustomTransitionTests;
			sourceTree = "<group>";
		};
		1FB7E0E71C02F36500018F65 /* BLCustomTransitionUITests */ = {
			isa = PBXGroup;
			children = (
				1FB7E0E81C02F36500018F65 /* BLCustomTransitionUITests.m */,
				1FB7E0EA1C02F36500018F65 /* Info.plist */,
			);
			path = BLCustomTransitionUITests;
			sourceTree = "<group>";
		};
		BFDEE76C787C5659D4B0E379 /* Frameworks */ = {
			isa = PBXGroup;
			children = (
				1F4891CB1AB46D71E15C2749 /* Pods_BLCustomTransition.framework */,
			);
			name = Frameworks;
			sourceTree = "<group>";
		};
/* End PBXGroup section */

/* Begin PBXNativeTarget section */
		1FB7E0BF1C02F36500018F65 /* BLCustomTransition */ = {
			isa = PBXNativeTarget;
			buildConfigurationList = 1FB7E0ED1C02F36500018F65 /* Build configuration list for PBXNativeTarget "BLCustomTransition" */;
			buildPhases = (
				7D0AAFD2CDA562554A23871F /* Check Pods Manifest.lock */,
				1FB7E0BC1C02F36500018F65 /* Sources */,
				1FB7E0BD1C02F36500018F65 /* Frameworks */,
				1FB7E0BE1C02F36500018F65 /* Resources */,
				B46138DAAB5042771854A647 /* Embed Pods Frameworks */,
				14D48FFCBEA314FECC5BF080 /* Copy Pods Resources */,
			);
			buildRules = (
			);
			dependencies = (
			);
			name = BLCustomTransition;
			productName = BLCustomTransition;
			productReference = 1FB7E0C01C02F36500018F65 /* BLCustomTransition.app */;
			productType = "com.apple.product-type.application";
		};
		1FB7E0D81C02F36500018F65 /* BLCustomTransitionTests */ = {
			isa = PBXNativeTarget;
			buildConfigurationList = 1FB7E0F01C02F36500018F65 /* Build configuration list for PBXNativeTarget "BLCustomTransitionTests" */;
			buildPhases = (
				1FB7E0D51C02F36500018F65 /* Sources */,
				1FB7E0D61C02F36500018F65 /* Frameworks */,
				1FB7E0D71C02F36500018F65 /* Resources */,
			);
			buildRules = (
			);
			dependencies = (
				1FB7E0DB1C02F36500018F65 /* PBXTargetDependency */,
			);
			name = BLCustomTransitionTests;
			productName = BLCustomTransitionTests;
			productReference = 1FB7E0D91C02F36500018F65 /* BLCustomTransitionTests.xctest */;
			productType = "com.apple.product-type.bundle.unit-test";
		};
		1FB7E0E31C02F36500018F65 /* BLCustomTransitionUITests */ = {
			isa = PBXNativeTarget;
			buildConfigurationList = 1FB7E0F31C02F36500018F65 /* Build configuration list for PBXNativeTarget "BLCustomTransitionUITests" */;
			buildPhases = (
				1FB7E0E01C02F36500018F65 /* Sources */,
				1FB7E0E11C02F36500018F65 /* Frameworks */,
				1FB7E0E21C02F36500018F65 /* Resources */,
			);
			buildRules = (
			);
			dependencies = (
				1FB7E0E61C02F36500018F65 /* PBXTargetDependency */,
			);
			name = BLCustomTransitionUITests;
			productName = BLCustomTransitionUITests;
			productReference = 1FB7E0E41C02F36500018F65 /* BLCustomTransitionUITests.xctest */;
			productType = "com.apple.product-type.bundle.ui-testing";
		};
/* End PBXNativeTarget section */

/* Begin PBXProject section */
		1FB7E0B81C02F36500018F65 /* Project object */ = {
			isa = PBXProject;
			attributes = {
				LastUpgradeCheck = 0710;
				ORGANIZATIONNAME = "wangqiang li";
				TargetAttributes = {
					1FB7E0BF1C02F36500018F65 = {
						CreatedOnToolsVersion = 7.1.1;
						DevelopmentTeam = 48RG7GS4YB;
					};
					1FB7E0D81C02F36500018F65 = {
						CreatedOnToolsVersion = 7.1.1;
						TestTargetID = 1FB7E0BF1C02F36500018F65;
					};
					1FB7E0E31C02F36500018F65 = {
						CreatedOnToolsVersion = 7.1.1;
						TestTargetID = 1FB7E0BF1C02F36500018F65;
					};
				};
			};
			buildConfigurationList = 1FB7E0BB1C02F36500018F65 /* Build configuration list for PBXProject "BLCustomTransition" */;
			compatibilityVersion = "Xcode 3.2";
			developmentRegion = English;
			hasScannedForEncodings = 0;
			knownRegions = (
				en,
				Base,
			);
			mainGroup = 1FB7E0B71C02F36500018F65;
			productRefGroup = 1FB7E0C11C02F36500018F65 /* Products */;
			projectDirPath = "";
			projectRoot = "";
			targets = (
				1FB7E0BF1C02F36500018F65 /* BLCustomTransition */,
				1FB7E0D81C02F36500018F65 /* BLCustomTransitionTests */,
				1FB7E0E31C02F36500018F65 /* BLCustomTransitionUITests */,
			);
		};
/* End PBXProject section */

/* Begin PBXResourcesBuildPhase section */
		1FB7E0BE1C02F36500018F65 /* Resources */ = {
			isa = PBXResourcesBuildPhase;
			buildActionMask = 2147483647;
			files = (
				1FB7E0D31C02F36500018F65 /* LaunchScreen.storyboard in Resources */,
				1FB7E0D01C02F36500018F65 /* Assets.xcassets in Resources */,
				1FB7E0CE1C02F36500018F65 /* Main.storyboard in Resources */,
			);
			runOnlyForDeploymentPostprocessing = 0;
		};
		1FB7E0D71C02F36500018F65 /* Resources */ = {
			isa = PBXResourcesBuildPhase;
			buildActionMask = 2147483647;
			files = (
			);
			runOnlyForDeploymentPostprocessing = 0;
		};
		1FB7E0E21C02F36500018F65 /* Resources */ = {
			isa = PBXResourcesBuildPhase;
			buildActionMask = 2147483647;
			files = (
			);
			runOnlyForDeploymentPostprocessing = 0;
		};
/* End PBXResourcesBuildPhase section */

/* Begin PBXShellScriptBuildPhase section */
		14D48FFCBEA314FECC5BF080 /* Copy Pods Resources */ = {
			isa = PBXShellScriptBuildPhase;
			buildActionMask = 2147483647;
			files = (
			);
			inputPaths = (
			);
			name = "Copy Pods Resources";
			outputPaths = (
			);
			runOnlyForDeploymentPostprocessing = 0;
			shellPath = /bin/sh;
			shellScript = "\"${SRCROOT}/Pods/Target Support Files/Pods-BLCustomTransition/Pods-BLCustomTransition-resources.sh\"\n";
			showEnvVarsInLog = 0;
		};
		7D0AAFD2CDA562554A23871F /* Check Pods Manifest.lock */ = {
			isa = PBXShellScriptBuildPhase;
			buildActionMask = 2147483647;
			files = (
			);
			inputPaths = (
			);
			name = "Check Pods Manifest.lock";
			outputPaths = (
			);
			runOnlyForDeploymentPostprocessing = 0;
			shellPath = /bin/sh;
			shellScript = "diff \"${PODS_ROOT}/../Podfile.lock\" \"${PODS_ROOT}/Manifest.lock\" > /dev/null\nif [[ $? != 0 ]] ; then\n    cat << EOM\nerror: The sandbox is not in sync with the Podfile.lock. Run 'pod install' or update your CocoaPods installation.\nEOM\n    exit 1\nfi\n";
			showEnvVarsInLog = 0;
		};
		B46138DAAB5042771854A647 /* Embed Pods Frameworks */ = {
			isa = PBXShellScriptBuildPhase;
			buildActionMask = 2147483647;
			files = (
			);
			inputPaths = (
			);
			name = "Embed Pods Frameworks";
			outputPaths = (
			);
			runOnlyForDeploymentPostprocessing = 0;
			shellPath = /bin/sh;
			shellScript = "\"${SRCROOT}/Pods/Target Support Files/Pods-BLCustomTransition/Pods-BLCustomTransition-frameworks.sh\"\n";
			showEnvVarsInLog = 0;
		};
/* End PBXShellScriptBuildPhase section */

/* Begin PBXSourcesBuildPhase section */
		1FB7E0BC1C02F36500018F65 /* Sources */ = {
			isa = PBXSourcesBuildPhase;
			buildActionMask = 2147483647;
			files = (
				1FB7E0CB1C02F36500018F65 /* ViewController.m in Sources */,
				1FB7E0FE1C0305D700018F65 /* BLPanelPushPresentationController.m in Sources */,
				1F3A922D1C0455FE0079D6CA /* BLProfileViewController.m in Sources */,
				1FB7E0FB1C02F87B00018F65 /* BLPanelPushAnimatedTransition.m in Sources */,
				1FB7E0C81C02F36500018F65 /* AppDelegate.m in Sources */,
				1FB7E0C51C02F36500018F65 /* main.m in Sources */,
				1FB7E1011C0328FD00018F65 /* BLPanelPushTransitioningDelegate.m in Sources */,
				1FB7E0F81C02F48D00018F65 /* BLPanelViewController.m in Sources */,
			);
			runOnlyForDeploymentPostprocessing = 0;
		};
		1FB7E0D51C02F36500018F65 /* Sources */ = {
			isa = PBXSourcesBuildPhase;
			buildActionMask = 2147483647;
			files = (
				1FB7E0DE1C02F36500018F65 /* BLCustomTransitionTests.m in Sources */,
			);
			runOnlyForDeploymentPostprocessing = 0;
		};
		1FB7E0E01C02F36500018F65 /* Sources */ = {
			isa = PBXSourcesBuildPhase;
			buildActionMask = 2147483647;
			files = (
				1FB7E0E91C02F36500018F65 /* BLCustomTransitionUITests.m in Sources */,
			);
			runOnlyForDeploymentPostprocessing = 0;
		};
/* End PBXSourcesBuildPhase section */

/* Begin PBXTargetDependency section */
		1FB7E0DB1C02F36500018F65 /* PBXTargetDependency */ = {
			isa = PBXTargetDependency;
			target = 1FB7E0BF1C02F36500018F65 /* BLCustomTransition */;
			targetProxy = 1FB7E0DA1C02F36500018F65 /* PBXContainerItemProxy */;
		};
		1FB7E0E61C02F36500018F65 /* PBXTargetDependency */ = {
			isa = PBXTargetDependency;
			target = 1FB7E0BF1C02F36500018F65 /* BLCustomTransition */;
			targetProxy = 1FB7E0E51C02F36500018F65 /* PBXContainerItemProxy */;
		};
/* End PBXTargetDependency section */

/* Begin PBXVariantGroup section */
		1FB7E0CC1C02F36500018F65 /* Main.storyboard */ = {
			isa = PBXVariantGroup;
			children = (
				1FB7E0CD1C02F36500018F65 /* Base */,
			);
			name = Main.storyboard;
			sourceTree = "<group>";
		};
		1FB7E0D11C02F36500018F65 /* LaunchScreen.storyboard */ = {
			isa = PBXVariantGroup;
			children = (
				1FB7E0D21C02F36500018F65 /* Base */,
			);
			name = LaunchScreen.storyboard;
			sourceTree = "<group>";
		};
/* End PBXVariantGroup section */

/* Begin XCBuildConfiguration section */
		1FB7E0EB1C02F36500018F65 /* Debug */ = {
			isa = XCBuildConfiguration;
			buildSettings = {
				ALWAYS_SEARCH_USER_PATHS = NO;
				CLANG_CXX_LANGUAGE_STANDARD = "gnu++0x";
				CLANG_CXX_LIBRARY = "libc++";
				CLANG_ENABLE_MODULES = YES;
				CLANG_ENABLE_OBJC_ARC = YES;
				CLANG_WARN_BOOL_CONVERSION = YES;
				CLANG_WARN_CONSTANT_CONVERSION = YES;
				CLANG_WARN_DIRECT_OBJC_ISA_USAGE = YES_ERROR;
				CLANG_WARN_EMPTY_BODY = YES;
				CLANG_WARN_ENUM_CONVERSION = YES;
				CLANG_WARN_INT_CONVERSION = YES;
				CLANG_WARN_OBJC_ROOT_CLASS = YES_ERROR;
				CLANG_WARN_UNREACHABLE_CODE = YES;
				CLANG_WARN__DUPLICATE_METHOD_MATCH = YES;
				"CODE_SIGN_IDENTITY[sdk=iphoneos*]" = "iPhone Developer";
				COPY_PHASE_STRIP = NO;
				DEBUG_INFORMATION_FORMAT = dwarf;
				ENABLE_STRICT_OBJC_MSGSEND = YES;
				ENABLE_TESTABILITY = YES;
				GCC_C_LANGUAGE_STANDARD = gnu99;
				GCC_DYNAMIC_NO_PIC = NO;
				GCC_NO_COMMON_BLOCKS = YES;
				GCC_OPTIMIZATION_LEVEL = 0;
				GCC_PREPROCESSOR_DEFINITIONS = (
					"DEBUG=1",
					"$(inherited)",
				);
				GCC_WARN_64_TO_32_BIT_CONVERSION = YES;
				GCC_WARN_ABOUT_RETURN_TYPE = YES_ERROR;
				GCC_WARN_UNDECLARED_SELECTOR = YES;
				GCC_WARN_UNINITIALIZED_AUTOS = YES_AGGRESSIVE;
				GCC_WARN_UNUSED_FUNCTION = YES;
				GCC_WARN_UNUSED_VARIABLE = YES;
				IPHONEOS_DEPLOYMENT_TARGET = 9.1;
				MTL_ENABLE_DEBUG_INFO = YES;
				ONLY_ACTIVE_ARCH = YES;
				SDKROOT = iphoneos;
				TARGETED_DEVICE_FAMILY = "1,2";
			};
			name = Debug;
		};
		1FB7E0EC1C02F36500018F65 /* Release */ = {
			isa = XCBuildConfiguration;
			buildSettings = {
				ALWAYS_SEARCH_USER_PATHS = NO;
				CLANG_CXX_LANGUAGE_STANDARD = "gnu++0x";
				CLANG_CXX_LIBRARY = "libc++";
				CLANG_ENABLE_MODULES = YES;
				CLANG_ENABLE_OBJC_ARC = YES;
				CLANG_WARN_BOOL_CONVERSION = YES;
				CLANG_WARN_CONSTANT_CONVERSION = YES;
				CLANG_WARN_DIRECT_OBJC_ISA_USAGE = YES_ERROR;
				CLANG_WARN_EMPTY_BODY = YES;
				CLANG_WARN_ENUM_CONVERSION = YES;
				CLANG_WARN_INT_CONVERSION = YES;
				CLANG_WARN_OBJC_ROOT_CLASS = YES_ERROR;
				CLANG_WARN_UNREACHABLE_CODE = YES;
				CLANG_WARN__DUPLICATE_METHOD_MATCH = YES;
				"CODE_SIGN_IDENTITY[sdk=iphoneos*]" = "iPhone Developer";
				COPY_PHASE_STRIP = NO;
				DEBUG_INFORMATION_FORMAT = "dwarf-with-dsym";
				ENABLE_NS_ASSERTIONS = NO;
				ENABLE_STRICT_OBJC_MSGSEND = YES;
				GCC_C_LANGUAGE_STANDARD = gnu99;
				GCC_NO_COMMON_BLOCKS = YES;
				GCC_WARN_64_TO_32_BIT_CONVERSION = YES;
				GCC_WARN_ABOUT_RETURN_TYPE = YES_ERROR;
				GCC_WARN_UNDECLARED_SELECTOR = YES;
				GCC_WARN_UNINITIALIZED_AUTOS = YES_AGGRESSIVE;
				GCC_WARN_UNUSED_FUNCTION = YES;
				GCC_WARN_UNUSED_VARIABLE = YES;
				IPHONEOS_DEPLOYMENT_TARGET = 9.1;
				MTL_ENABLE_DEBUG_INFO = NO;
				SDKROOT = iphoneos;
				TARGETED_DEVICE_FAMILY = "1,2";
				VALIDATE_PRODUCT = YES;
			};
			name = Release;
		};
		1FB7E0EE1C02F36500018F65 /* Debug */ = {
			isa = XCBuildConfiguration;
			baseConfigurationReference = B769ECD1FB625A2E4D5E9FEE /* Pods-BLCustomTransition.debug.xcconfig */;
			buildSettings = {
				ASSETCATALOG_COMPILER_APPICON_NAME = AppIcon;
				CODE_SIGN_IDENTITY = "iPhone Developer";
				"CODE_SIGN_IDENTITY[sdk=iphoneos*]" = "iPhone Developer";
				INFOPLIST_FILE = BLCustomTransition/Info.plist;
				IPHONEOS_DEPLOYMENT_TARGET = 8.0;
				LD_RUNPATH_SEARCH_PATHS = "$(inherited) @executable_path/Frameworks";
				PRODUCT_BUNDLE_IDENTIFIER = com.autodesk.BLCustomTransition;
				PRODUCT_NAME = "$(TARGET_NAME)";
				PROVISIONING_PROFILE = "";
			};
			name = Debug;
		};
		1FB7E0EF1C02F36500018F65 /* Release */ = {
			isa = XCBuildConfiguration;
			baseConfigurationReference = 5FD2262991C154F0838C0D96 /* Pods-BLCustomTransition.release.xcconfig */;
			buildSettings = {
				ASSETCATALOG_COMPILER_APPICON_NAME = AppIcon;
				CODE_SIGN_IDENTITY = "iPhone Developer";
				"CODE_SIGN_IDENTITY[sdk=iphoneos*]" = "iPhone Developer";
				INFOPLIST_FILE = BLCustomTransition/Info.plist;
				IPHONEOS_DEPLOYMENT_TARGET = 8.0;
				LD_RUNPATH_SEARCH_PATHS = "$(inherited) @executable_path/Frameworks";
				PRODUCT_BUNDLE_IDENTIFIER = com.autodesk.BLCustomTransition;
				PRODUCT_NAME = "$(TARGET_NAME)";
				PROVISIONING_PROFILE = "";
			};
			name = Release;
		};
		1FB7E0F11C02F36500018F65 /* Debug */ = {
			isa = XCBuildConfiguration;
			buildSettings = {
				BUNDLE_LOADER = "$(TEST_HOST)";
				INFOPLIST_FILE = BLCustomTransitionTests/Info.plist;
				LD_RUNPATH_SEARCH_PATHS = "$(inherited) @executable_path/Frameworks @loader_path/Frameworks";
				PRODUCT_BUNDLE_IDENTIFIER = com.autodesk.BLCustomTransitionTests;
				PRODUCT_NAME = "$(TARGET_NAME)";
				TEST_HOST = "$(BUILT_PRODUCTS_DIR)/BLCustomTransition.app/BLCustomTransition";
			};
			name = Debug;
		};
		1FB7E0F21C02F36500018F65 /* Release */ = {
			isa = XCBuildConfiguration;
			buildSettings = {
				BUNDLE_LOADER = "$(TEST_HOST)";
				INFOPLIST_FILE = BLCustomTransitionTests/Info.plist;
				LD_RUNPATH_SEARCH_PATHS = "$(inherited) @executable_path/Frameworks @loader_path/Frameworks";
				PRODUCT_BUNDLE_IDENTIFIER = com.autodesk.BLCustomTransitionTests;
				PRODUCT_NAME = "$(TARGET_NAME)";
				TEST_HOST = "$(BUILT_PRODUCTS_DIR)/BLCustomTransition.app/BLCustomTransition";
			};
			name = Release;
		};
		1FB7E0F41C02F36500018F65 /* Debug */ = {
			isa = XCBuildConfiguration;
			buildSettings = {
				INFOPLIST_FILE = BLCustomTransitionUITests/Info.plist;
				LD_RUNPATH_SEARCH_PATHS = "$(inherited) @executable_path/Frameworks @loader_path/Frameworks";
				PRODUCT_BUNDLE_IDENTIFIER = com.autodesk.BLCustomTransitionUITests;
				PRODUCT_NAME = "$(TARGET_NAME)";
				TEST_TARGET_NAME = BLCustomTransition;
				USES_XCTRUNNER = YES;
			};
			name = Debug;
		};
		1FB7E0F51C02F36500018F65 /* Release */ = {
			isa = XCBuildConfiguration;
			buildSettings = {
				INFOPLIST_FILE = BLCustomTransitionUITests/Info.plist;
				LD_RUNPATH_SEARCH_PATHS = "$(inherited) @executable_path/Frameworks @loader_path/Frameworks";
				PRODUCT_BUNDLE_IDENTIFIER = com.autodesk.BLCustomTransitionUITests;
				PRODUCT_NAME = "$(TARGET_NAME)";
				TEST_TARGET_NAME = BLCustomTransition;
				USES_XCTRUNNER = YES;
			};
			name = Release;
		};
/* End XCBuildConfiguration section */

/* Begin XCConfigurationList section */
		1FB7E0BB1C02F36500018F65 /* Build configuration list for PBXProject "BLCustomTransition" */ = {
			isa = XCConfigurationList;
			buildConfigurations = (
				1FB7E0EB1C02F36500018F65 /* Debug */,
				1FB7E0EC1C02F36500018F65 /* Release */,
			);
			defaultConfigurationIsVisible = 0;
			defaultConfigurationName = Release;
		};
		1FB7E0ED1C02F36500018F65 /* Build configuration list for PBXNativeTarget "BLCustomTransition" */ = {
			isa = XCConfigurationList;
			buildConfigurations = (
				1FB7E0EE1C02F36500018F65 /* Debug */,
				1FB7E0EF1C02F36500018F65 /* Release */,
			);
			defaultConfigurationIsVisible = 0;
			defaultConfigurationName = Release;
		};
		1FB7E0F01C02F36500018F65 /* Build configuration list for PBXNativeTarget "BLCustomTransitionTests" */ = {
			isa = XCConfigurationList;
			buildConfigurations = (
				1FB7E0F11C02F36500018F65 /* Debug */,
				1FB7E0F21C02F36500018F65 /* Release */,
			);
			defaultConfigurationIsVisible = 0;
			defaultConfigurationName = Release;
		};
		1FB7E0F31C02F36500018F65 /* Build configuration list for PBXNativeTarget "BLCustomTransitionUITests" */ = {
			isa = XCConfigurationList;
			buildConfigurations = (
				1FB7E0F41C02F36500018F65 /* Debug */,
				1FB7E0F51C02F36500018F65 /* Release */,
			);
			defaultConfigurationIsVisible = 0;
			defaultConfigurationName = Release;
		};
/* End XCConfigurationList section */
	};
	rootObject = 1FB7E0B81C02F36500018F65 /* Project object */;
}
